
Microsoft Visual Studio Solution File, Format Version 12.00
# Visual Studio 15
VisualStudioVersion = 15.0.27130.0
MinimumVisualStudioVersion = 10.0.40219.1
Project("{2150E333-8FDC-42A3-9474-1A3956D46DE8}") = "third_party", "third_party", "{4D7D2F2B-CF2C-4464-96E5-0EDA5DAA810B}"
EndProject
Project("{8BC9CEB8-8B4A-11D0-8D11-00A0C91BC942}") = "Skia", "src\src.vcxproj", "{6B67ADCB-D0D8-468D-9FA0-13ADD2203343}"
	ProjectSection(ProjectDependencies) = postProject
		{8350D02B-AF55-459D-B075-8AB1DA7889E1} = {8350D02B-AF55-459D-B075-8AB1DA7889E1}
		{42F87F94-46D1-41F7-81C9-39F5FFABCFBA} = {42F87F94-46D1-41F7-81C9-39F5FFABCFBA}
		{4ADCA9CF-1774-40F8-B5BD-5CBBD9A68F4A} = {4ADCA9CF-1774-40F8-B5BD-5CBBD9A68F4A}
		{0A1BFEF5-BEE0-40F9-8EBD-975F465C76D9} = {0A1BFEF5-BEE0-40F9-8EBD-975F465C76D9}
	EndProjectSection
EndProject
Project("{2150E333-8FDC-42A3-9474-1A3956D46DE8}") = "src", "src", "{1A624765-4D87-48CE-AFC0-737DF9FA7C4F}"
EndProject
Project("{2150E333-8FDC-42A3-9474-1A3956D46DE8}") = "externals", "externals", "{3D9EC1D4-F13D-453B-934D-F612ACDE3F54}"
EndProject
Project("{8BC9CEB8-8B4A-11D0-8D11-00A0C91BC942}") = "jsoncpp", "third_party\externals\jsoncpp.vcxproj", "{1E430526-001B-46F7-9040-1F4BE0320BA7}"
EndProject
Project("{8BC9CEB8-8B4A-11D0-8D11-00A0C91BC942}") = "expat", "third_party\externals\expat.vcxproj", "{49091C3A-7512-4DA6-97F5-883F41EE7C05}"
EndProject
Project("{8BC9CEB8-8B4A-11D0-8D11-00A0C91BC942}") = "libjpeg-turbo", "third_party\externals\libjpeg-turbo.vcxproj", "{0A1BFEF5-BEE0-40F9-8EBD-975F465C76D9}"
EndProject
Project("{8BC9CEB8-8B4A-11D0-8D11-00A0C91BC942}") = "harfbuzz", "third_party\externals\harfbuzz.vcxproj", "{A9CB0101-1BE5-45D7-BFCA-939F30A2D141}"
EndProject
Project("{8BC9CEB8-8B4A-11D0-8D11-00A0C91BC942}") = "libpng", "third_party\externals\libpng.vcxproj", "{42F87F94-46D1-41F7-81C9-39F5FFABCFBA}"
EndProject
Project("{8BC9CEB8-8B4A-11D0-8D11-00A0C91BC942}") = "libGLESv2", "third_party\externals\libGLESv2.vcxproj", "{4ADCA9CF-1774-40F8-B5BD-5CBBD9A68F4A}"
EndProject
Project("{8BC9CEB8-8B4A-11D0-8D11-00A0C91BC942}") = "libEGL", "third_party\externals\libEGL.vcxproj", "{8350D02B-AF55-459D-B075-8AB1DA7889E1}"
	ProjectSection(ProjectDependencies) = postProject
		{4ADCA9CF-1774-40F8-B5BD-5CBBD9A68F4A} = {4ADCA9CF-1774-40F8-B5BD-5CBBD9A68F4A}
	EndProjectSection
EndProject
Project("{2150E333-8FDC-42A3-9474-1A3956D46DE8}") = "modules", "modules", "{193A0569-4926-4EFD-9331-62DA97CE53ED}"
EndProject
Global
	GlobalSection(SolutionConfigurationPlatforms) = preSolution
		Debug|x64 = Debug|x64
		Debug|x86 = Debug|x86
		Release|x64 = Release|x64
		Release|x86 = Release|x86
	EndGlobalSection
	GlobalSection(ProjectConfigurationPlatforms) = postSolution
		{6B67ADCB-D0D8-468D-9FA0-13ADD2203343}.Debug|x64.ActiveCfg = Debug|x64
		{6B67ADCB-D0D8-468D-9FA0-13ADD2203343}.Debug|x64.Build.0 = Debug|x64
		{6B67ADCB-D0D8-468D-9FA0-13ADD2203343}.Debug|x86.ActiveCfg = Debug|Win32
		{6B67ADCB-D0D8-468D-9FA0-13ADD2203343}.Debug|x86.Build.0 = Debug|Win32
		{6B67ADCB-D0D8-468D-9FA0-13ADD2203343}.Release|x64.ActiveCfg = Release|x64
		{6B67ADCB-D0D8-468D-9FA0-13ADD2203343}.Release|x64.Build.0 = Release|x64
		{6B67ADCB-D0D8-468D-9FA0-13ADD2203343}.Release|x86.ActiveCfg = Release|Win32
		{6B67ADCB-D0D8-468D-9FA0-13ADD2203343}.Release|x86.Build.0 = Release|Win32
		{1E430526-001B-46F7-9040-1F4BE0320BA7}.Debug|x64.ActiveCfg = Debug|x64
		{1E430526-001B-46F7-9040-1F4BE0320BA7}.Debug|x64.Build.0 = Debug|x64
		{1E430526-001B-46F7-9040-1F4BE0320BA7}.Debug|x86.ActiveCfg = Debug|Win32
		{1E430526-001B-46F7-9040-1F4BE0320BA7}.Debug|x86.Build.0 = Debug|Win32
		{1E430526-001B-46F7-9040-1F4BE0320BA7}.Release|x64.ActiveCfg = Release|x64
		{1E430526-001B-46F7-9040-1F4BE0320BA7}.Release|x64.Build.0 = Release|x64
		{1E430526-001B-46F7-9040-1F4BE0320BA7}.Release|x86.ActiveCfg = Release|Win32
		{1E430526-001B-46F7-9040-1F4BE0320BA7}.Release|x86.Build.0 = Release|Win32
		{49091C3A-7512-4DA6-97F5-883F41EE7C05}.Debug|x64.ActiveCfg = Debug|x64
		{49091C3A-7512-4DA6-97F5-883F41EE7C05}.Debug|x64.Build.0 = Debug|x64
		{49091C3A-7512-4DA6-97F5-883F41EE7C05}.Debug|x86.ActiveCfg = Debug|Win32
		{49091C3A-7512-4DA6-97F5-883F41EE7C05}.Debug|x86.Build.0 = Debug|Win32
		{49091C3A-7512-4DA6-97F5-883F41EE7C05}.Release|x64.ActiveCfg = Release|x64
		{49091C3A-7512-4DA6-97F5-883F41EE7C05}.Release|x64.Build.0 = Release|x64
		{49091C3A-7512-4DA6-97F5-883F41EE7C05}.Release|x86.ActiveCfg = Release|Win32
		{49091C3A-7512-4DA6-97F5-883F41EE7C05}.Release|x86.Build.0 = Release|Win32
		{0A1BFEF5-BEE0-40F9-8EBD-975F465C76D9}.Debug|x64.ActiveCfg = Debug|x64
		{0A1BFEF5-BEE0-40F9-8EBD-975F465C76D9}.Debug|x64.Build.0 = Debug|x64
		{0A1BFEF5-BEE0-40F9-8EBD-975F465C76D9}.Debug|x86.ActiveCfg = Debug|Win32
		{0A1BFEF5-BEE0-40F9-8EBD-975F465C76D9}.Debug|x86.Build.0 = Debug|Win32
		{0A1BFEF5-BEE0-40F9-8EBD-975F465C76D9}.Release|x64.ActiveCfg = Release|x64
		{0A1BFEF5-BEE0-40F9-8EBD-975F465C76D9}.Release|x64.Build.0 = Release|x64
		{0A1BFEF5-BEE0-40F9-8EBD-975F465C76D9}.Release|x86.ActiveCfg = Release|Win32
		{0A1BFEF5-BEE0-40F9-8EBD-975F465C76D9}.Release|x86.Build.0 = Release|Win32
		{A9CB0101-1BE5-45D7-BFCA-939F30A2D141}.Debug|x64.ActiveCfg = Debug|x64
		{A9CB0101-1BE5-45D7-BFCA-939F30A2D141}.Debug|x64.Build.0 = Debug|x64
		{A9CB0101-1BE5-45D7-BFCA-939F30A2D141}.Debug|x86.ActiveCfg = Debug|Win32
		{A9CB0101-1BE5-45D7-BFCA-939F30A2D141}.Debug|x86.Build.0 = Debug|Win32
		{A9CB0101-1BE5-45D7-BFCA-939F30A2D141}.Release|x64.ActiveCfg = Release|x64
		{A9CB0101-1BE5-45D7-BFCA-939F30A2D141}.Release|x64.Build.0 = Release|x64
		{A9CB0101-1BE5-45D7-BFCA-939F30A2D141}.Release|x86.ActiveCfg = Release|Win32
		{A9CB0101-1BE5-45D7-BFCA-939F30A2D141}.Release|x86.Build.0 = Release|Win32
		{42F87F94-46D1-41F7-81C9-39F5FFABCFBA}.Debug|x64.ActiveCfg = Debug|x64
		{42F87F94-46D1-41F7-81C9-39F5FFABCFBA}.Debug|x64.Build.0 = Debug|x64
		{42F87F94-46D1-41F7-81C9-39F5FFABCFBA}.Debug|x86.ActiveCfg = Debug|Win32
		{42F87F94-46D1-41F7-81C9-39F5FFABCFBA}.Debug|x86.Build.0 = Debug|Win32
		{42F87F94-46D1-41F7-81C9-39F5FFABCFBA}.Release|x64.ActiveCfg = Release|x64
		{42F87F94-46D1-41F7-81C9-39F5FFABCFBA}.Release|x64.Build.0 = Release|x64
		{42F87F94-46D1-41F7-81C9-39F5FFABCFBA}.Release|x86.ActiveCfg = Release|Win32
		{42F87F94-46D1-41F7-81C9-39F5FFABCFBA}.Release|x86.Build.0 = Release|Win32
		{4ADCA9CF-1774-40F8-B5BD-5CBBD9A68F4A}.Debug|x64.ActiveCfg = Debug|x64
		{4ADCA9CF-1774-40F8-B5BD-5CBBD9A68F4A}.Debug|x64.Build.0 = Debug|x64
		{4ADCA9CF-1774-40F8-B5BD-5CBBD9A68F4A}.Debug|x86.ActiveCfg = Debug|Win32
		{4ADCA9CF-1774-40F8-B5BD-5CBBD9A68F4A}.Debug|x86.Build.0 = Debug|Win32
		{4ADCA9CF-1774-40F8-B5BD-5CBBD9A68F4A}.Release|x64.ActiveCfg = Release|x64
		{4ADCA9CF-1774-40F8-B5BD-5CBBD9A68F4A}.Release|x64.Build.0 = Release|x64
		{4ADCA9CF-1774-40F8-B5BD-5CBBD9A68F4A}.Release|x86.ActiveCfg = Release|Win32
		{4ADCA9CF-1774-40F8-B5BD-5CBBD9A68F4A}.Release|x86.Build.0 = Release|Win32
		{8350D02B-AF55-459D-B075-8AB1DA7889E1}.Debug|x64.ActiveCfg = Debug|x64
		{8350D02B-AF55-459D-B075-8AB1DA7889E1}.Debug|x64.Build.0 = Debug|x64
		{8350D02B-AF55-459D-B075-8AB1DA7889E1}.Debug|x86.ActiveCfg = Debug|Win32
		{8350D02B-AF55-459D-B075-8AB1DA7889E1}.Debug|x86.Build.0 = Debug|Win32
		{8350D02B-AF55-459D-B075-8AB1DA7889E1}.Release|x64.ActiveCfg = Release|x64
		{8350D02B-AF55-459D-B075-8AB1DA7889E1}.Release|x64.Build.0 = Release|x64
		{8350D02B-AF55-459D-B075-8AB1DA7889E1}.Release|x86.ActiveCfg = Release|Win32
		{8350D02B-AF55-459D-B075-8AB1DA7889E1}.Release|x86.Build.0 = Release|Win32
	EndGlobalSection
	GlobalSection(SolutionProperties) = preSolution
		HideSolutionNode = FALSE
	EndGlobalSection
	GlobalSection(NestedProjects) = preSolution
		{6B67ADCB-D0D8-468D-9FA0-13ADD2203343} = {1A624765-4D87-48CE-AFC0-737DF9FA7C4F}
		{3D9EC1D4-F13D-453B-934D-F612ACDE3F54} = {4D7D2F2B-CF2C-4464-96E5-0EDA5DAA810B}
		{1E430526-001B-46F7-9040-1F4BE0320BA7} = {3D9EC1D4-F13D-453B-934D-F612ACDE3F54}
		{49091C3A-7512-4DA6-97F5-883F41EE7C05} = {3D9EC1D4-F13D-453B-934D-F612ACDE3F54}
		{0A1BFEF5-BEE0-40F9-8EBD-975F465C76D9} = {3D9EC1D4-F13D-453B-934D-F612ACDE3F54}
		{A9CB0101-1BE5-45D7-BFCA-939F30A2D141} = {3D9EC1D4-F13D-453B-934D-F612ACDE3F54}
		{42F87F94-46D1-41F7-81C9-39F5FFABCFBA} = {3D9EC1D4-F13D-453B-934D-F612ACDE3F54}
		{4ADCA9CF-1774-40F8-B5BD-5CBBD9A68F4A} = {3D9EC1D4-F13D-453B-934D-F612ACDE3F54}
		{8350D02B-AF55-459D-B075-8AB1DA7889E1} = {3D9EC1D4-F13D-453B-934D-F612ACDE3F54}
	EndGlobalSection
	GlobalSection(ExtensibilityGlobals) = postSolution
		SolutionGuid = {6A26A788-74BB-4F6F-8E49-484E0E55E0DE}
	EndGlobalSection
EndGlobal
