
Microsoft Visual Studio Solution File, Format Version 12.00
# Visual Studio Version 16
VisualStudioVersion = 16.0.28803.452
MinimumVisualStudioVersion = 10.0.40219.1
Project("{2150E333-8FDC-42A3-9474-1A3956D46DE8}") = "third_party", "third_party", "{4D7D2F2B-CF2C-4464-96E5-0EDA5DAA810B}"
EndProject
Project("{8BC9CEB8-8B4A-11D0-8D11-00A0C91BC942}") = "Skia", "src\src.vcxproj", "{6B67ADCB-D0D8-468D-9FA0-13ADD2203343}"
EndProject
Project("{2150E333-8FDC-42A3-9474-1A3956D46DE8}") = "src", "src", "{1A624765-4D87-48CE-AFC0-737DF9FA7C4F}"
EndProject
Project("{2150E333-8FDC-42A3-9474-1A3956D46DE8}") = "externals", "externals", "{3D9EC1D4-F13D-453B-934D-F612ACDE3F54}"
EndProject
Project("{8BC9CEB8-8B4A-11D0-8D11-00A0C91BC942}") = "expat", "third_party\externals\expat.vcxproj", "{49091C3A-7512-4DA6-97F5-883F41EE7C05}"
EndProject
Project("{8BC9CEB8-8B4A-11D0-8D11-00A0C91BC942}") = "libjpeg-turbo", "third_party\externals\libjpeg-turbo.vcxproj", "{0A1BFEF5-BEE0-40F9-8EBD-975F465C76D9}"
EndProject
Project("{8BC9CEB8-8B4A-11D0-8D11-00A0C91BC942}") = "harfbuzz", "third_party\externals\harfbuzz.vcxproj", "{A9CB0101-1BE5-45D7-BFCA-939F30A2D141}"
EndProject
Project("{8BC9CEB8-8B4A-11D0-8D11-00A0C91BC942}") = "libpng", "third_party\externals\libpng.vcxproj", "{42F87F94-46D1-41F7-81C9-39F5FFABCFBA}"
EndProject
Project("{2150E333-8FDC-42A3-9474-1A3956D46DE8}") = "modules", "modules", "{193A0569-4926-4EFD-9331-62DA97CE53ED}"
EndProject
Project("{8BC9CEB8-8B4A-11D0-8D11-00A0C91BC942}") = "skottie", "modules\skottie.vcxproj", "{F6D49C09-A3A1-44FE-9FD5-2883C9F425F5}"
EndProject
Project("{8BC9CEB8-8B4A-11D0-8D11-00A0C91BC942}") = "skshaper", "modules\skshaper.vcxproj", "{D7F9B2BE-DCBE-4B43-A5F7-10C5B6285748}"
EndProject
Project("{8BC9CEB8-8B4A-11D0-8D11-00A0C91BC942}") = "sksg", "modules\sksg.vcxproj", "{55D4C7E2-21B9-445D-97C5-8FEBE9D44654}"
EndProject
Project("{8BC9CEB8-8B4A-11D0-8D11-00A0C91BC942}") = "skparagraph", "modules\skparagraph.vcxproj", "{0FAB5AB3-F4E7-48D7-9D44-EF66EECA5790}"
EndProject
Global
	GlobalSection(SolutionConfigurationPlatforms) = preSolution
		Release|x64 = Release|x64
		Release|x86 = Release|x86
	EndGlobalSection
	GlobalSection(ProjectConfigurationPlatforms) = postSolution
		{6B67ADCB-D0D8-468D-9FA0-13ADD2203343}.Release|x64.ActiveCfg = Release|x64
		{6B67ADCB-D0D8-468D-9FA0-13ADD2203343}.Release|x64.Build.0 = Release|x64
		{6B67ADCB-D0D8-468D-9FA0-13ADD2203343}.Release|x86.ActiveCfg = Release|Win32
		{6B67ADCB-D0D8-468D-9FA0-13ADD2203343}.Release|x86.Build.0 = Release|Win32
		{49091C3A-7512-4DA6-97F5-883F41EE7C05}.Release|x64.ActiveCfg = Release|x64
		{49091C3A-7512-4DA6-97F5-883F41EE7C05}.Release|x64.Build.0 = Release|x64
		{49091C3A-7512-4DA6-97F5-883F41EE7C05}.Release|x86.ActiveCfg = Release|Win32
		{49091C3A-7512-4DA6-97F5-883F41EE7C05}.Release|x86.Build.0 = Release|Win32
		{0A1BFEF5-BEE0-40F9-8EBD-975F465C76D9}.Release|x64.ActiveCfg = Release|x64
		{0A1BFEF5-BEE0-40F9-8EBD-975F465C76D9}.Release|x64.Build.0 = Release|x64
		{0A1BFEF5-BEE0-40F9-8EBD-975F465C76D9}.Release|x86.ActiveCfg = Release|Win32
		{0A1BFEF5-BEE0-40F9-8EBD-975F465C76D9}.Release|x86.Build.0 = Release|Win32
		{A9CB0101-1BE5-45D7-BFCA-939F30A2D141}.Release|x64.ActiveCfg = Release|x64
		{A9CB0101-1BE5-45D7-BFCA-939F30A2D141}.Release|x64.Build.0 = Release|x64
		{A9CB0101-1BE5-45D7-BFCA-939F30A2D141}.Release|x86.ActiveCfg = Release|Win32
		{A9CB0101-1BE5-45D7-BFCA-939F30A2D141}.Release|x86.Build.0 = Release|Win32
		{42F87F94-46D1-41F7-81C9-39F5FFABCFBA}.Release|x64.ActiveCfg = Release|x64
		{42F87F94-46D1-41F7-81C9-39F5FFABCFBA}.Release|x64.Build.0 = Release|x64
		{42F87F94-46D1-41F7-81C9-39F5FFABCFBA}.Release|x86.ActiveCfg = Release|Win32
		{42F87F94-46D1-41F7-81C9-39F5FFABCFBA}.Release|x86.Build.0 = Release|Win32
		{F6D49C09-A3A1-44FE-9FD5-2883C9F425F5}.Release|x64.ActiveCfg = Release|x64
		{F6D49C09-A3A1-44FE-9FD5-2883C9F425F5}.Release|x64.Build.0 = Release|x64
		{F6D49C09-A3A1-44FE-9FD5-2883C9F425F5}.Release|x86.ActiveCfg = Release|Win32
		{F6D49C09-A3A1-44FE-9FD5-2883C9F425F5}.Release|x86.Build.0 = Release|Win32
		{D7F9B2BE-DCBE-4B43-A5F7-10C5B6285748}.Release|x64.ActiveCfg = Release|x64
		{D7F9B2BE-DCBE-4B43-A5F7-10C5B6285748}.Release|x64.Build.0 = Release|x64
		{D7F9B2BE-DCBE-4B43-A5F7-10C5B6285748}.Release|x86.ActiveCfg = Release|Win32
		{D7F9B2BE-DCBE-4B43-A5F7-10C5B6285748}.Release|x86.Build.0 = Release|Win32
		{55D4C7E2-21B9-445D-97C5-8FEBE9D44654}.Release|x64.ActiveCfg = Release|x64
		{55D4C7E2-21B9-445D-97C5-8FEBE9D44654}.Release|x64.Build.0 = Release|x64
		{55D4C7E2-21B9-445D-97C5-8FEBE9D44654}.Release|x86.ActiveCfg = Release|Win32
		{55D4C7E2-21B9-445D-97C5-8FEBE9D44654}.Release|x86.Build.0 = Release|Win32
		{0FAB5AB3-F4E7-48D7-9D44-EF66EECA5790}.Release|x64.ActiveCfg = Release|x64
		{0FAB5AB3-F4E7-48D7-9D44-EF66EECA5790}.Release|x64.Build.0 = Release|x64
		{0FAB5AB3-F4E7-48D7-9D44-EF66EECA5790}.Release|x86.ActiveCfg = Release|Win32
		{0FAB5AB3-F4E7-48D7-9D44-EF66EECA5790}.Release|x86.Build.0 = Release|Win32
	EndGlobalSection
	GlobalSection(SolutionProperties) = preSolution
		HideSolutionNode = FALSE
	EndGlobalSection
	GlobalSection(NestedProjects) = preSolution
		{6B67ADCB-D0D8-468D-9FA0-13ADD2203343} = {1A624765-4D87-48CE-AFC0-737DF9FA7C4F}
		{3D9EC1D4-F13D-453B-934D-F612ACDE3F54} = {4D7D2F2B-CF2C-4464-96E5-0EDA5DAA810B}
		{49091C3A-7512-4DA6-97F5-883F41EE7C05} = {3D9EC1D4-F13D-453B-934D-F612ACDE3F54}
		{0A1BFEF5-BEE0-40F9-8EBD-975F465C76D9} = {3D9EC1D4-F13D-453B-934D-F612ACDE3F54}
		{A9CB0101-1BE5-45D7-BFCA-939F30A2D141} = {3D9EC1D4-F13D-453B-934D-F612ACDE3F54}
		{42F87F94-46D1-41F7-81C9-39F5FFABCFBA} = {3D9EC1D4-F13D-453B-934D-F612ACDE3F54}
		{F6D49C09-A3A1-44FE-9FD5-2883C9F425F5} = {193A0569-4926-4EFD-9331-62DA97CE53ED}
		{D7F9B2BE-DCBE-4B43-A5F7-10C5B6285748} = {193A0569-4926-4EFD-9331-62DA97CE53ED}
		{55D4C7E2-21B9-445D-97C5-8FEBE9D44654} = {193A0569-4926-4EFD-9331-62DA97CE53ED}
		{0FAB5AB3-F4E7-48D7-9D44-EF66EECA5790} = {193A0569-4926-4EFD-9331-62DA97CE53ED}
	EndGlobalSection
	GlobalSection(ExtensibilityGlobals) = postSolution
		SolutionGuid = {6A26A788-74BB-4F6F-8E49-484E0E55E0DE}
	EndGlobalSection
EndGlobal
