
Microsoft Visual Studio Solution File, Format Version 12.00
# Visual Studio 14
VisualStudioVersion = 14.0.25123.0
MinimumVisualStudioVersion = 10.0.40219.1
Project("{2150E333-8FDC-42A3-9474-1A3956D46DE8}") = "tools", "tools", "{A737355E-1CC6-4928-80B9-ACA97CD2AF2E}"
EndProject
Project("{2150E333-8FDC-42A3-9474-1A3956D46DE8}") = "third_party", "third_party", "{4D7D2F2B-CF2C-4464-96E5-0EDA5DAA810B}"
EndProject
Project("{8BC9CEB8-8B4A-11D0-8D11-00A0C91BC942}") = "Skia", "src\src.vcxproj", "{6B67ADCB-D0D8-468D-9FA0-13ADD2203343}"
	ProjectSection(ProjectDependencies) = postProject
		{42F87F94-46D1-41F7-81C9-39F5FFABCFBA} = {42F87F94-46D1-41F7-81C9-39F5FFABCFBA}
		{0A1BFEF5-BEE0-40F9-8EBD-975F465C76D9} = {0A1BFEF5-BEE0-40F9-8EBD-975F465C76D9}
	EndProjectSection
EndProject
Project("{8BC9CEB8-8B4A-11D0-8D11-00A0C91BC942}") = "gm", "gm\gm.vcxproj", "{A35F21A6-4EF0-4AF0-AE09-62A7FF28CBDD}"
EndProject
Project("{8BC9CEB8-8B4A-11D0-8D11-00A0C91BC942}") = "viewer", "tools\viewer\viewer.vcxproj", "{37587E55-3996-4491-B0D1-1598D9A1DDE7}"
	ProjectSection(ProjectDependencies) = postProject
		{E356708B-0CD0-4CD1-A944-EAA3DCDBE80F} = {E356708B-0CD0-4CD1-A944-EAA3DCDBE80F}
	EndProjectSection
EndProject
Project("{2150E333-8FDC-42A3-9474-1A3956D46DE8}") = "src", "src", "{1A624765-4D87-48CE-AFC0-737DF9FA7C4F}"
EndProject
Project("{8BC9CEB8-8B4A-11D0-8D11-00A0C91BC942}") = "tool_utils", "tools\tool_utils.vcxproj", "{E356708B-0CD0-4CD1-A944-EAA3DCDBE80F}"
	ProjectSection(ProjectDependencies) = postProject
		{1E430526-001B-46F7-9040-1F4BE0320BA7} = {1E430526-001B-46F7-9040-1F4BE0320BA7}
	EndProjectSection
EndProject
Project("{2150E333-8FDC-42A3-9474-1A3956D46DE8}") = "externals", "externals", "{3D9EC1D4-F13D-453B-934D-F612ACDE3F54}"
EndProject
Project("{8BC9CEB8-8B4A-11D0-8D11-00A0C91BC942}") = "jsoncpp", "third_party\externals\jsoncpp.vcxproj", "{1E430526-001B-46F7-9040-1F4BE0320BA7}"
EndProject
Project("{8BC9CEB8-8B4A-11D0-8D11-00A0C91BC942}") = "libpng", "third_party\libpng\libpng.vcxproj", "{42F87F94-46D1-41F7-81C9-39F5FFABCFBA}"
EndProject
Project("{8BC9CEB8-8B4A-11D0-8D11-00A0C91BC942}") = "samplecode", "samplecode\samplecode.vcxproj", "{4F736C7B-31CF-4048-827E-E7B189ABB7BD}"
EndProject
Project("{8BC9CEB8-8B4A-11D0-8D11-00A0C91BC942}") = "expat", "third_party\externals\expat.vcxproj", "{49091C3A-7512-4DA6-97F5-883F41EE7C05}"
EndProject
Project("{8BC9CEB8-8B4A-11D0-8D11-00A0C91BC942}") = "libjpeg-turbo", "third_party\externals\libjpeg-turbo.vcxproj", "{0A1BFEF5-BEE0-40F9-8EBD-975F465C76D9}"
EndProject
Global
	GlobalSection(SolutionConfigurationPlatforms) = preSolution
		Debug|x64 = Debug|x64
		Debug|x86 = Debug|x86
		Release|x64 = Release|x64
		Release|x86 = Release|x86
	EndGlobalSection
	GlobalSection(ProjectConfigurationPlatforms) = postSolution
		{6B67ADCB-D0D8-468D-9FA0-13ADD2203343}.Debug|x64.ActiveCfg = Debug|x64
		{6B67ADCB-D0D8-468D-9FA0-13ADD2203343}.Debug|x64.Build.0 = Debug|x64
		{6B67ADCB-D0D8-468D-9FA0-13ADD2203343}.Debug|x86.ActiveCfg = Debug|Win32
		{6B67ADCB-D0D8-468D-9FA0-13ADD2203343}.Debug|x86.Build.0 = Debug|Win32
		{6B67ADCB-D0D8-468D-9FA0-13ADD2203343}.Release|x64.ActiveCfg = Release|x64
		{6B67ADCB-D0D8-468D-9FA0-13ADD2203343}.Release|x64.Build.0 = Release|x64
		{6B67ADCB-D0D8-468D-9FA0-13ADD2203343}.Release|x86.ActiveCfg = Release|Win32
		{6B67ADCB-D0D8-468D-9FA0-13ADD2203343}.Release|x86.Build.0 = Release|Win32
		{A35F21A6-4EF0-4AF0-AE09-62A7FF28CBDD}.Debug|x64.ActiveCfg = Debug|x64
		{A35F21A6-4EF0-4AF0-AE09-62A7FF28CBDD}.Debug|x64.Build.0 = Debug|x64
		{A35F21A6-4EF0-4AF0-AE09-62A7FF28CBDD}.Debug|x86.ActiveCfg = Debug|Win32
		{A35F21A6-4EF0-4AF0-AE09-62A7FF28CBDD}.Debug|x86.Build.0 = Debug|Win32
		{A35F21A6-4EF0-4AF0-AE09-62A7FF28CBDD}.Release|x64.ActiveCfg = Release|x64
		{A35F21A6-4EF0-4AF0-AE09-62A7FF28CBDD}.Release|x64.Build.0 = Release|x64
		{A35F21A6-4EF0-4AF0-AE09-62A7FF28CBDD}.Release|x86.ActiveCfg = Release|Win32
		{A35F21A6-4EF0-4AF0-AE09-62A7FF28CBDD}.Release|x86.Build.0 = Release|Win32
		{37587E55-3996-4491-B0D1-1598D9A1DDE7}.Debug|x64.ActiveCfg = Debug|x64
		{37587E55-3996-4491-B0D1-1598D9A1DDE7}.Debug|x64.Build.0 = Debug|x64
		{37587E55-3996-4491-B0D1-1598D9A1DDE7}.Debug|x86.ActiveCfg = Debug|Win32
		{37587E55-3996-4491-B0D1-1598D9A1DDE7}.Debug|x86.Build.0 = Debug|Win32
		{37587E55-3996-4491-B0D1-1598D9A1DDE7}.Release|x64.ActiveCfg = Release|x64
		{37587E55-3996-4491-B0D1-1598D9A1DDE7}.Release|x64.Build.0 = Release|x64
		{37587E55-3996-4491-B0D1-1598D9A1DDE7}.Release|x86.ActiveCfg = Release|Win32
		{37587E55-3996-4491-B0D1-1598D9A1DDE7}.Release|x86.Build.0 = Release|Win32
		{E356708B-0CD0-4CD1-A944-EAA3DCDBE80F}.Debug|x64.ActiveCfg = Debug|x64
		{E356708B-0CD0-4CD1-A944-EAA3DCDBE80F}.Debug|x64.Build.0 = Debug|x64
		{E356708B-0CD0-4CD1-A944-EAA3DCDBE80F}.Debug|x86.ActiveCfg = Debug|Win32
		{E356708B-0CD0-4CD1-A944-EAA3DCDBE80F}.Debug|x86.Build.0 = Debug|Win32
		{E356708B-0CD0-4CD1-A944-EAA3DCDBE80F}.Release|x64.ActiveCfg = Release|x64
		{E356708B-0CD0-4CD1-A944-EAA3DCDBE80F}.Release|x64.Build.0 = Release|x64
		{E356708B-0CD0-4CD1-A944-EAA3DCDBE80F}.Release|x86.ActiveCfg = Release|Win32
		{E356708B-0CD0-4CD1-A944-EAA3DCDBE80F}.Release|x86.Build.0 = Release|Win32
		{1E430526-001B-46F7-9040-1F4BE0320BA7}.Debug|x64.ActiveCfg = Debug|x64
		{1E430526-001B-46F7-9040-1F4BE0320BA7}.Debug|x64.Build.0 = Debug|x64
		{1E430526-001B-46F7-9040-1F4BE0320BA7}.Debug|x86.ActiveCfg = Debug|Win32
		{1E430526-001B-46F7-9040-1F4BE0320BA7}.Debug|x86.Build.0 = Debug|Win32
		{1E430526-001B-46F7-9040-1F4BE0320BA7}.Release|x64.ActiveCfg = Release|x64
		{1E430526-001B-46F7-9040-1F4BE0320BA7}.Release|x64.Build.0 = Release|x64
		{1E430526-001B-46F7-9040-1F4BE0320BA7}.Release|x86.ActiveCfg = Release|Win32
		{1E430526-001B-46F7-9040-1F4BE0320BA7}.Release|x86.Build.0 = Release|Win32
		{42F87F94-46D1-41F7-81C9-39F5FFABCFBA}.Debug|x64.ActiveCfg = Debug|x64
		{42F87F94-46D1-41F7-81C9-39F5FFABCFBA}.Debug|x64.Build.0 = Debug|x64
		{42F87F94-46D1-41F7-81C9-39F5FFABCFBA}.Debug|x86.ActiveCfg = Debug|Win32
		{42F87F94-46D1-41F7-81C9-39F5FFABCFBA}.Debug|x86.Build.0 = Debug|Win32
		{42F87F94-46D1-41F7-81C9-39F5FFABCFBA}.Release|x64.ActiveCfg = Release|x64
		{42F87F94-46D1-41F7-81C9-39F5FFABCFBA}.Release|x64.Build.0 = Release|x64
		{42F87F94-46D1-41F7-81C9-39F5FFABCFBA}.Release|x86.ActiveCfg = Release|Win32
		{42F87F94-46D1-41F7-81C9-39F5FFABCFBA}.Release|x86.Build.0 = Release|Win32
		{4F736C7B-31CF-4048-827E-E7B189ABB7BD}.Debug|x64.ActiveCfg = Debug|x64
		{4F736C7B-31CF-4048-827E-E7B189ABB7BD}.Debug|x64.Build.0 = Debug|x64
		{4F736C7B-31CF-4048-827E-E7B189ABB7BD}.Debug|x86.ActiveCfg = Debug|Win32
		{4F736C7B-31CF-4048-827E-E7B189ABB7BD}.Debug|x86.Build.0 = Debug|Win32
		{4F736C7B-31CF-4048-827E-E7B189ABB7BD}.Release|x64.ActiveCfg = Release|x64
		{4F736C7B-31CF-4048-827E-E7B189ABB7BD}.Release|x64.Build.0 = Release|x64
		{4F736C7B-31CF-4048-827E-E7B189ABB7BD}.Release|x86.ActiveCfg = Release|Win32
		{4F736C7B-31CF-4048-827E-E7B189ABB7BD}.Release|x86.Build.0 = Release|Win32
		{49091C3A-7512-4DA6-97F5-883F41EE7C05}.Debug|x64.ActiveCfg = Debug|x64
		{49091C3A-7512-4DA6-97F5-883F41EE7C05}.Debug|x64.Build.0 = Debug|x64
		{49091C3A-7512-4DA6-97F5-883F41EE7C05}.Debug|x86.ActiveCfg = Debug|Win32
		{49091C3A-7512-4DA6-97F5-883F41EE7C05}.Debug|x86.Build.0 = Debug|Win32
		{49091C3A-7512-4DA6-97F5-883F41EE7C05}.Release|x64.ActiveCfg = Release|x64
		{49091C3A-7512-4DA6-97F5-883F41EE7C05}.Release|x64.Build.0 = Release|x64
		{49091C3A-7512-4DA6-97F5-883F41EE7C05}.Release|x86.ActiveCfg = Release|Win32
		{49091C3A-7512-4DA6-97F5-883F41EE7C05}.Release|x86.Build.0 = Release|Win32
		{0A1BFEF5-BEE0-40F9-8EBD-975F465C76D9}.Debug|x64.ActiveCfg = Debug|x64
		{0A1BFEF5-BEE0-40F9-8EBD-975F465C76D9}.Debug|x64.Build.0 = Debug|x64
		{0A1BFEF5-BEE0-40F9-8EBD-975F465C76D9}.Debug|x86.ActiveCfg = Debug|Win32
		{0A1BFEF5-BEE0-40F9-8EBD-975F465C76D9}.Debug|x86.Build.0 = Debug|Win32
		{0A1BFEF5-BEE0-40F9-8EBD-975F465C76D9}.Release|x64.ActiveCfg = Release|x64
		{0A1BFEF5-BEE0-40F9-8EBD-975F465C76D9}.Release|x64.Build.0 = Release|x64
		{0A1BFEF5-BEE0-40F9-8EBD-975F465C76D9}.Release|x86.ActiveCfg = Release|Win32
		{0A1BFEF5-BEE0-40F9-8EBD-975F465C76D9}.Release|x86.Build.0 = Release|Win32
	EndGlobalSection
	GlobalSection(SolutionProperties) = preSolution
		HideSolutionNode = FALSE
	EndGlobalSection
	GlobalSection(NestedProjects) = preSolution
		{6B67ADCB-D0D8-468D-9FA0-13ADD2203343} = {1A624765-4D87-48CE-AFC0-737DF9FA7C4F}
		{37587E55-3996-4491-B0D1-1598D9A1DDE7} = {A737355E-1CC6-4928-80B9-ACA97CD2AF2E}
		{E356708B-0CD0-4CD1-A944-EAA3DCDBE80F} = {A737355E-1CC6-4928-80B9-ACA97CD2AF2E}
		{3D9EC1D4-F13D-453B-934D-F612ACDE3F54} = {4D7D2F2B-CF2C-4464-96E5-0EDA5DAA810B}
		{1E430526-001B-46F7-9040-1F4BE0320BA7} = {3D9EC1D4-F13D-453B-934D-F612ACDE3F54}
		{42F87F94-46D1-41F7-81C9-39F5FFABCFBA} = {4D7D2F2B-CF2C-4464-96E5-0EDA5DAA810B}
		{49091C3A-7512-4DA6-97F5-883F41EE7C05} = {3D9EC1D4-F13D-453B-934D-F612ACDE3F54}
		{0A1BFEF5-BEE0-40F9-8EBD-975F465C76D9} = {3D9EC1D4-F13D-453B-934D-F612ACDE3F54}
	EndGlobalSection
EndGlobal
