<?xml version="1.0" encoding="utf-8"?>
<Project ToolsVersion="4.0" xmlns="http://schemas.microsoft.com/developer/msbuild/2003">
  <ItemGroup>
    <ClInclude Include="ImageSlide.h" />
    <ClInclude Include="SampleSlide.h" />
    <ClInclude Include="SKPSlide.h" />
    <ClInclude Include="Slide.h" />
    <ClInclude Include="Viewer.h" />
    <ClInclude Include="GMSlide.h" />
    <ClInclude Include="sk_app\GLWindowContext.h">
      <Filter>sk_app</Filter>
    </ClInclude>
    <ClInclude Include="sk_app\RasterWindowContext.h">
      <Filter>sk_app</Filter>
    </ClInclude>
    <ClInclude Include="sk_app\VulkanWindowContext.h">
      <Filter>sk_app</Filter>
    </ClInclude>
    <ClInclude Include="sk_app\Window.h">
      <Filter>sk_app</Filter>
    </ClInclude>
    <ClInclude Include="sk_app\WindowContext.h">
      <Filter>sk_app</Filter>
    </ClInclude>
    <ClInclude Include="sk_app\Application.h">
      <Filter>sk_app</Filter>
    </ClInclude>
    <ClInclude Include="sk_app\CommandSet.h">
      <Filter>sk_app</Filter>
    </ClInclude>
    <ClInclude Include="sk_app\DisplayParams.h">
      <Filter>sk_app</Filter>
    </ClInclude>
    <ClInclude Include="sk_app\win\WindowContextFactory_win.h">
      <Filter>sk_app\win</Filter>
    </ClInclude>
    <ClInclude Include="sk_app\win\Window_win.h">
      <Filter>sk_app\win</Filter>
    </ClInclude>
  </ItemGroup>
  <ItemGroup>
    <Filter Include="sk_app">
      <UniqueIdentifier>{99941e0c-51c2-4fb8-9082-2180e49f8f0c}</UniqueIdentifier>
    </Filter>
    <Filter Include="sk_app\win">
      <UniqueIdentifier>{6c326916-fa38-446a-9328-84880f074369}</UniqueIdentifier>
    </Filter>
  </ItemGroup>
  <ItemGroup>
    <ClCompile Include="sk_app\win\RasterWindowContext_win.cpp">
      <Filter>sk_app\win</Filter>
    </ClCompile>
    <ClCompile Include="sk_app\win\Window_win.cpp">
      <Filter>sk_app\win</Filter>
    </ClCompile>
    <ClCompile Include="sk_app\win\GLWindowContext_win.cpp">
      <Filter>sk_app\win</Filter>
    </ClCompile>
    <ClCompile Include="sk_app\win\main_win.cpp">
      <Filter>sk_app\win</Filter>
    </ClCompile>
    <ClCompile Include="sk_app\GLWindowContext.cpp">
      <Filter>sk_app</Filter>
    </ClCompile>
    <ClCompile Include="sk_app\Window.cpp">
      <Filter>sk_app</Filter>
    </ClCompile>
    <ClCompile Include="sk_app\WindowContext.cpp">
      <Filter>sk_app</Filter>
    </ClCompile>
    <ClCompile Include="sk_app\CommandSet.cpp">
      <Filter>sk_app</Filter>
    </ClCompile>
    <ClCompile Include="GMSlide.cpp" />
    <ClCompile Include="ImageSlide.cpp" />
    <ClCompile Include="SampleSlide.cpp" />
    <ClCompile Include="SKPSlide.cpp" />
    <ClCompile Include="Viewer.cpp" />
  </ItemGroup>
</Project>